
Microsoft Visual Studio Solution File, Format Version 12.00
# Visual Studio 15
Project("{FAE04EC0-301F-11D3-BF4B-00C04F79EFBC}") = "Assembly-CSharp", "Assembly-CSharp.csproj", "{EDEA9437-BC34-0C14-442D-BEA37A2856FC}"
EndProject
Project("{FAE04EC0-301F-11D3-BF4B-00C04F79EFBC}") = "PhotonUnityNetworking.Demos", "PhotonUnityNetworking.Demos.csproj", "{29A9810B-6274-26AA-7077-C7127CF4AFA4}"
EndProject
Project("{FAE04EC0-301F-11D3-BF4B-00C04F79EFBC}") = "PhotonRealtime", "PhotonRealtime.csproj", "{66660CEE-444F-E6F7-BACE-F26B846966C4}"
EndProject
Project("{FAE04EC0-301F-11D3-BF4B-00C04F79EFBC}") = "PhotonUnityNetworking", "PhotonUnityNetworking.csproj", "{604A47D7-42FC-11FF-8BC2-D919B1CF2D42}"
EndProject
Project("{FAE04EC0-301F-11D3-BF4B-00C04F79EFBC}") = "PhotonUnityNetworking.Utilities", "PhotonUnityNetworking.Utilities.csproj", "{390B0241-E670-205C-0C3D-B49E2469490B}"
EndProject
Project("{FAE04EC0-301F-11D3-BF4B-00C04F79EFBC}") = "PhotonChat", "PhotonChat.csproj", "{66E93678-66BF-BA82-54E1-36FF2ABEB78F}"
EndProject
Project("{FAE04EC0-301F-11D3-BF4B-00C04F79EFBC}") = "PhotonUnityNetworking.Editor", "PhotonUnityNetworking.Editor.csproj", "{7B0E52C3-ACDE-335A-2A3C-58291AD127B6}"
EndProject
Project("{FAE04EC0-301F-11D3-BF4B-00C04F79EFBC}") = "ParrelSync", "ParrelSync.csproj", "{0B77C190-842D-599B-11AA-E2FC8844C8C4}"
EndProject
Project("{FAE04EC0-301F-11D3-BF4B-00C04F79EFBC}") = "PhotonUnityNetworking.Utilities.PhotonPlayer.Editor", "PhotonUnityNetworking.Utilities.PhotonPlayer.Editor.csproj", "{043BFC25-FBCC-F3E1-84F6-C80321BCB1A5}"
EndProject
Project("{FAE04EC0-301F-11D3-BF4B-00C04F79EFBC}") = "PunDemos.DemoSlotcarEditor", "PunDemos.DemoSlotcarEditor.csproj", "{74F94FDC-714B-4C06-3C35-9E50AC3DE922}"
EndProject
Project("{FAE04EC0-301F-11D3-BF4B-00C04F79EFBC}") = "PhotonUnityNetworking.Utilities.Culling.Editor", "PhotonUnityNetworking.Utilities.Culling.Editor.csproj", "{4F34AFB8-A355-B6EE-C383-7B512CFCB43E}"
EndProject
Project("{FAE04EC0-301F-11D3-BF4B-00C04F79EFBC}") = "PunDemos.DemoHubEditor", "PunDemos.DemoHubEditor.csproj", "{6B40293A-EDE1-0A40-5881-4ABBCE78A367}"
EndProject
Global
	GlobalSection(SolutionConfigurationPlatforms) = preSolution
		Debug|Any CPU = Debug|Any CPU
		Release|Any CPU = Release|Any CPU
	EndGlobalSection
	GlobalSection(ProjectConfigurationPlatforms) = postSolution
		{EDEA9437-BC34-0C14-442D-BEA37A2856FC}.Debug|Any CPU.ActiveCfg = Debug|Any CPU
		{EDEA9437-BC34-0C14-442D-BEA37A2856FC}.Debug|Any CPU.Build.0 = Debug|Any CPU
		{EDEA9437-BC34-0C14-442D-BEA37A2856FC}.Release|Any CPU.ActiveCfg = Release|Any CPU
		{EDEA9437-BC34-0C14-442D-BEA37A2856FC}.Release|Any CPU.Build.0 = Release|Any CPU
		{29A9810B-6274-26AA-7077-C7127CF4AFA4}.Debug|Any CPU.ActiveCfg = Debug|Any CPU
		{29A9810B-6274-26AA-7077-C7127CF4AFA4}.Debug|Any CPU.Build.0 = Debug|Any CPU
		{29A9810B-6274-26AA-7077-C7127CF4AFA4}.Release|Any CPU.ActiveCfg = Release|Any CPU
		{29A9810B-6274-26AA-7077-C7127CF4AFA4}.Release|Any CPU.Build.0 = Release|Any CPU
		{66660CEE-444F-E6F7-BACE-F26B846966C4}.Debug|Any CPU.ActiveCfg = Debug|Any CPU
		{66660CEE-444F-E6F7-BACE-F26B846966C4}.Debug|Any CPU.Build.0 = Debug|Any CPU
		{66660CEE-444F-E6F7-BACE-F26B846966C4}.Release|Any CPU.ActiveCfg = Release|Any CPU
		{66660CEE-444F-E6F7-BACE-F26B846966C4}.Release|Any CPU.Build.0 = Release|Any CPU
		{604A47D7-42FC-11FF-8BC2-D919B1CF2D42}.Debug|Any CPU.ActiveCfg = Debug|Any CPU
		{604A47D7-42FC-11FF-8BC2-D919B1CF2D42}.Debug|Any CPU.Build.0 = Debug|Any CPU
		{604A47D7-42FC-11FF-8BC2-D919B1CF2D42}.Release|Any CPU.ActiveCfg = Release|Any CPU
		{604A47D7-42FC-11FF-8BC2-D919B1CF2D42}.Release|Any CPU.Build.0 = Release|Any CPU
		{390B0241-E670-205C-0C3D-B49E2469490B}.Debug|Any CPU.ActiveCfg = Debug|Any CPU
		{390B0241-E670-205C-0C3D-B49E2469490B}.Debug|Any CPU.Build.0 = Debug|Any CPU
		{390B0241-E670-205C-0C3D-B49E2469490B}.Release|Any CPU.ActiveCfg = Release|Any CPU
		{390B0241-E670-205C-0C3D-B49E2469490B}.Release|Any CPU.Build.0 = Release|Any CPU
		{66E93678-66BF-BA82-54E1-36FF2ABEB78F}.Debug|Any CPU.ActiveCfg = Debug|Any CPU
		{66E93678-66BF-BA82-54E1-36FF2ABEB78F}.Debug|Any CPU.Build.0 = Debug|Any CPU
		{66E93678-66BF-BA82-54E1-36FF2ABEB78F}.Release|Any CPU.ActiveCfg = Release|Any CPU
		{66E93678-66BF-BA82-54E1-36FF2ABEB78F}.Release|Any CPU.Build.0 = Release|Any CPU
		{7B0E52C3-ACDE-335A-2A3C-58291AD127B6}.Debug|Any CPU.ActiveCfg = Debug|Any CPU
		{7B0E52C3-ACDE-335A-2A3C-58291AD127B6}.Debug|Any CPU.Build.0 = Debug|Any CPU
		{7B0E52C3-ACDE-335A-2A3C-58291AD127B6}.Release|Any CPU.ActiveCfg = Release|Any CPU
		{7B0E52C3-ACDE-335A-2A3C-58291AD127B6}.Release|Any CPU.Build.0 = Release|Any CPU
		{0B77C190-842D-599B-11AA-E2FC8844C8C4}.Debug|Any CPU.ActiveCfg = Debug|Any CPU
		{0B77C190-842D-599B-11AA-E2FC8844C8C4}.Debug|Any CPU.Build.0 = Debug|Any CPU
		{0B77C190-842D-599B-11AA-E2FC8844C8C4}.Release|Any CPU.ActiveCfg = Release|Any CPU
		{0B77C190-842D-599B-11AA-E2FC8844C8C4}.Release|Any CPU.Build.0 = Release|Any CPU
		{043BFC25-FBCC-F3E1-84F6-C80321BCB1A5}.Debug|Any CPU.ActiveCfg = Debug|Any CPU
		{043BFC25-FBCC-F3E1-84F6-C80321BCB1A5}.Debug|Any CPU.Build.0 = Debug|Any CPU
		{043BFC25-FBCC-F3E1-84F6-C80321BCB1A5}.Release|Any CPU.ActiveCfg = Release|Any CPU
		{043BFC25-FBCC-F3E1-84F6-C80321BCB1A5}.Release|Any CPU.Build.0 = Release|Any CPU
		{74F94FDC-714B-4C06-3C35-9E50AC3DE922}.Debug|Any CPU.ActiveCfg = Debug|Any CPU
		{74F94FDC-714B-4C06-3C35-9E50AC3DE922}.Debug|Any CPU.Build.0 = Debug|Any CPU
		{74F94FDC-714B-4C06-3C35-9E50AC3DE922}.Release|Any CPU.ActiveCfg = Release|Any CPU
		{74F94FDC-714B-4C06-3C35-9E50AC3DE922}.Release|Any CPU.Build.0 = Release|Any CPU
		{4F34AFB8-A355-B6EE-C383-7B512CFCB43E}.Debug|Any CPU.ActiveCfg = Debug|Any CPU
		{4F34AFB8-A355-B6EE-C383-7B512CFCB43E}.Debug|Any CPU.Build.0 = Debug|Any CPU
		{4F34AFB8-A355-B6EE-C383-7B512CFCB43E}.Release|Any CPU.ActiveCfg = Release|Any CPU
		{4F34AFB8-A355-B6EE-C383-7B512CFCB43E}.Release|Any CPU.Build.0 = Release|Any CPU
		{6B40293A-EDE1-0A40-5881-4ABBCE78A367}.Debug|Any CPU.ActiveCfg = Debug|Any CPU
		{6B40293A-EDE1-0A40-5881-4ABBCE78A367}.Debug|Any CPU.Build.0 = Debug|Any CPU
		{6B40293A-EDE1-0A40-5881-4ABBCE78A367}.Release|Any CPU.ActiveCfg = Release|Any CPU
		{6B40293A-EDE1-0A40-5881-4ABBCE78A367}.Release|Any CPU.Build.0 = Release|Any CPU
	EndGlobalSection
	GlobalSection(SolutionProperties) = preSolution
		HideSolutionNode = FALSE
	EndGlobalSection
EndGlobal
